
Microsoft Visual Studio Solution File, Format Version 10.00
# Visual Studio 2008
Project("{FAE04EC0-301F-11D3-BF4B-00C04F79EFBC}") = "KruskalsAlgorithm", "KruskalsAlgorithm\KruskalsAlgorithm.csproj", "{21EE0950-3A0A-437B-B710-E516CD0B3DFF}"
EndProject
Global
	GlobalSection(SolutionConfigurationPlatforms) = preSolution
		Debug|Any CPU = Debug|Any CPU
		Release|Any CPU = Release|Any CPU
	EndGlobalSection
	GlobalSection(ProjectConfigurationPlatforms) = postSolution
		{21EE0950-3A0A-437B-B710-E516CD0B3DFF}.Debug|Any CPU.ActiveCfg = Debug|Any CPU
		{21EE0950-3A0A-437B-B710-E516CD0B3DFF}.Debug|Any CPU.Build.0 = Debug|Any CPU
		{21EE0950-3A0A-437B-B710-E516CD0B3DFF}.Release|Any CPU.ActiveCfg = Release|Any CPU
		{21EE0950-3A0A-437B-B710-E516CD0B3DFF}.Release|Any CPU.Build.0 = Release|Any CPU
	EndGlobalSection
	GlobalSection(SolutionProperties) = preSolution
		HideSolutionNode = FALSE
	EndGlobalSection
EndGlobal
